
Microsoft Visual Studio Solution File, Format Version 12.00
# Visual Studio Version 16
VisualStudioVersion = 16.0.32413.511
MinimumVisualStudioVersion = 10.0.40219.1
Project("{FAE04EC0-301F-11D3-BF4B-00C04F79EFBC}") = "GleasonAPI", "GleasonAPI\GleasonAPI.csproj", "{5DFD2F1E-0F55-469F-8ED9-051B263B6210}"
EndProject
Global
	GlobalSection(SolutionConfigurationPlatforms) = preSolution
		Debug|Any CPU = Debug|Any CPU
		Release|Any CPU = Release|Any CPU
	EndGlobalSection
	GlobalSection(ProjectConfigurationPlatforms) = postSolution
		{5DFD2F1E-0F55-469F-8ED9-051B263B6210}.Debug|Any CPU.ActiveCfg = Debug|Any CPU
		{5DFD2F1E-0F55-469F-8ED9-051B263B6210}.Debug|Any CPU.Build.0 = Debug|Any CPU
		{5DFD2F1E-0F55-469F-8ED9-051B263B6210}.Release|Any CPU.ActiveCfg = Release|Any CPU
		{5DFD2F1E-0F55-469F-8ED9-051B263B6210}.Release|Any CPU.Build.0 = Release|Any CPU
	EndGlobalSection
	GlobalSection(SolutionProperties) = preSolution
		HideSolutionNode = FALSE
	EndGlobalSection
	GlobalSection(ExtensibilityGlobals) = postSolution
		SolutionGuid = {5FF248A9-9FB1-4A47-A39C-985BD333C0DB}
	EndGlobalSection
EndGlobal
